
Microsoft Visual Studio Solution File, Format Version 12.00
# Visual Studio 15
VisualStudioVersion = 15.0.28307.572
MinimumVisualStudioVersion = 10.0.40219.1
Project("{8BC9CEB8-8B4A-11D0-8D11-00A0C91BC942}") = "Prob45_Triangular_pentagonal_and_hexagonal", "Prob45_Triangular_pentagonal_and_hexagonal\Prob45_Triangular_pentagonal_and_hexagonal.vcxproj", "{9FE01DE1-2F6B-4617-80C9-11725D17E199}"
EndProject
Global
	GlobalSection(SolutionConfigurationPlatforms) = preSolution
		Debug|x64 = Debug|x64
		Debug|x86 = Debug|x86
		Release|x64 = Release|x64
		Release|x86 = Release|x86
	EndGlobalSection
	GlobalSection(ProjectConfigurationPlatforms) = postSolution
		{9FE01DE1-2F6B-4617-80C9-11725D17E199}.Debug|x64.ActiveCfg = Debug|x64
		{9FE01DE1-2F6B-4617-80C9-11725D17E199}.Debug|x64.Build.0 = Debug|x64
		{9FE01DE1-2F6B-4617-80C9-11725D17E199}.Debug|x86.ActiveCfg = Debug|Win32
		{9FE01DE1-2F6B-4617-80C9-11725D17E199}.Debug|x86.Build.0 = Debug|Win32
		{9FE01DE1-2F6B-4617-80C9-11725D17E199}.Release|x64.ActiveCfg = Release|x64
		{9FE01DE1-2F6B-4617-80C9-11725D17E199}.Release|x64.Build.0 = Release|x64
		{9FE01DE1-2F6B-4617-80C9-11725D17E199}.Release|x86.ActiveCfg = Release|Win32
		{9FE01DE1-2F6B-4617-80C9-11725D17E199}.Release|x86.Build.0 = Release|Win32
	EndGlobalSection
	GlobalSection(SolutionProperties) = preSolution
		HideSolutionNode = FALSE
	EndGlobalSection
	GlobalSection(ExtensibilityGlobals) = postSolution
		SolutionGuid = {983121EB-4200-493F-B208-F7E718EEB1A8}
	EndGlobalSection
EndGlobal
